// !$*UTF8*$!
{
	archiveVersion = 1;
	classes = {
	};
	objectVersion = 50;
	objects = {

/* Begin PBXBuildFile section */
		50C075EB25DD83A0002540D9 /* AppDelegate.swift in Sources */ = {isa = PBXBuildFile; fileRef = 50C075EA25DD83A0002540D9 /* AppDelegate.swift */; };
		50C075ED25DD83A0002540D9 /* SceneDelegate.swift in Sources */ = {isa = PBXBuildFile; fileRef = 50C075EC25DD83A0002540D9 /* SceneDelegate.swift */; };
		50C075EF25DD83A0002540D9 /* ViewController.swift in Sources */ = {isa = PBXBuildFile; fileRef = 50C075EE25DD83A0002540D9 /* ViewController.swift */; };
		50C075F225DD83A0002540D9 /* Main.storyboard in Resources */ = {isa = PBXBuildFile; fileRef = 50C075F025DD83A0002540D9 /* Main.storyboard */; };
		50C075F525DD83A0002540D9 /* Tik_Tok.xcdatamodeld in Sources */ = {isa = PBXBuildFile; fileRef = 50C075F325DD83A0002540D9 /* Tik_Tok.xcdatamodeld */; };
		50C075FA25DD83AB002540D9 /* LaunchScreen.storyboard in Resources */ = {isa = PBXBuildFile; fileRef = 50C075F825DD83AB002540D9 /* LaunchScreen.storyboard */; };
		50C0760525DD83AB002540D9 /* Tik_TokTests.swift in Sources */ = {isa = PBXBuildFile; fileRef = 50C0760425DD83AB002540D9 /* Tik_TokTests.swift */; };
		50C0761025DD83AC002540D9 /* Tik_TokUITests.swift in Sources */ = {isa = PBXBuildFile; fileRef = 50C0760F25DD83AC002540D9 /* Tik_TokUITests.swift */; };
		50C0762025DD87C6002540D9 /* CustomTabBarViewController.swift in Sources */ = {isa = PBXBuildFile; fileRef = 50C0761F25DD87C6002540D9 /* CustomTabBarViewController.swift */; };
		50C0762425DDDDE6002540D9 /* File.swift in Sources */ = {isa = PBXBuildFile; fileRef = 50C0762325DDDDE6002540D9 /* File.swift */; };
		50C0762625DE439F002540D9 /* TikTabBarControllerViewController.swift in Sources */ = {isa = PBXBuildFile; fileRef = 50C0762525DE439F002540D9 /* TikTabBarControllerViewController.swift */; };
		50C0762825DE4674002540D9 /* HomeViewViewController.swift in Sources */ = {isa = PBXBuildFile; fileRef = 50C0762725DE4674002540D9 /* HomeViewViewController.swift */; };
		50C0762A25DE4DE3002540D9 /* PostCollectionViewCell.swift in Sources */ = {isa = PBXBuildFile; fileRef = 50C0762925DE4DE3002540D9 /* PostCollectionViewCell.swift */; };
		E50D282826091C8600A10F14 /* Assets.xcassets in Resources */ = {isa = PBXBuildFile; fileRef = E50D282726091C8600A10F14 /* Assets.xcassets */; };
		E51797C825FE340800AE4C90 /* ASVideoPlayerController.swift in Sources */ = {isa = PBXBuildFile; fileRef = E51797C725FE340800AE4C90 /* ASVideoPlayerController.swift */; };
		E51D3C7D2603FCD500910EED /* Assets.xcassets in Resources */ = {isa = PBXBuildFile; fileRef = E51D3C7C2603FCD400910EED /* Assets.xcassets */; };
		E52668A325FFF26900D59324 /* ImageView extension.swift in Sources */ = {isa = PBXBuildFile; fileRef = E52668A225FFF26900D59324 /* ImageView extension.swift */; };
		E526FDA925FCD9DE0081BFE6 /* Toks.json in Resources */ = {isa = PBXBuildFile; fileRef = E526FDA825FCD9DE0081BFE6 /* Toks.json */; };
		E526FDAB25FCDD340081BFE6 /* LocalFilesViewModel.swift in Sources */ = {isa = PBXBuildFile; fileRef = E526FDAA25FCDD340081BFE6 /* LocalFilesViewModel.swift */; };
		E526FDAD25FCDDDA0081BFE6 /* Toks.swift in Sources */ = {isa = PBXBuildFile; fileRef = E526FDAC25FCDDDA0081BFE6 /* Toks.swift */; };
		E598157F25F7F348003959C0 /* TabClient.swift in Sources */ = {isa = PBXBuildFile; fileRef = E598157E25F7F348003959C0 /* TabClient.swift */; };
		E5B9D7792606456300559948 /* ASVideoLayerObject.swift in Sources */ = {isa = PBXBuildFile; fileRef = E5B9D7782606456300559948 /* ASVideoLayerObject.swift */; };
		E5B9D77B260645CA00559948 /* ASVideoContainer.swift in Sources */ = {isa = PBXBuildFile; fileRef = E5B9D77A260645CA00559948 /* ASVideoContainer.swift */; };
/* End PBXBuildFile section */

/* Begin PBXContainerItemProxy section */
		50C0760125DD83AB002540D9 /* PBXContainerItemProxy */ = {
			isa = PBXContainerItemProxy;
			containerPortal = 50C075DF25DD83A0002540D9 /* Project object */;
			proxyType = 1;
			remoteGlobalIDString = 50C075E625DD83A0002540D9;
			remoteInfo = "Tik Tok";
		};
		50C0760C25DD83AC002540D9 /* PBXContainerItemProxy */ = {
			isa = PBXContainerItemProxy;
			containerPortal = 50C075DF25DD83A0002540D9 /* Project object */;
			proxyType = 1;
			remoteGlobalIDString = 50C075E625DD83A0002540D9;
			remoteInfo = "Tik Tok";
		};
/* End PBXContainerItemProxy section */

/* Begin PBXFileReference section */
		50C075E725DD83A0002540D9 /* Tik Tok.app */ = {isa = PBXFileReference; explicitFileType = wrapper.application; includeInIndex = 0; path = "Tik Tok.app"; sourceTree = BUILT_PRODUCTS_DIR; };
		50C075EA25DD83A0002540D9 /* AppDelegate.swift */ = {isa = PBXFileReference; lastKnownFileType = sourcecode.swift; path = AppDelegate.swift; sourceTree = "<group>"; };
		50C075EC25DD83A0002540D9 /* SceneDelegate.swift */ = {isa = PBXFileReference; lastKnownFileType = sourcecode.swift; path = SceneDelegate.swift; sourceTree = "<group>"; };
		50C075EE25DD83A0002540D9 /* ViewController.swift */ = {isa = PBXFileReference; lastKnownFileType = sourcecode.swift; path = ViewController.swift; sourceTree = "<group>"; };
		50C075F125DD83A0002540D9 /* Base */ = {isa = PBXFileReference; lastKnownFileType = file.storyboard; name = Base; path = Base.lproj/Main.storyboard; sourceTree = "<group>"; };
		50C075F425DD83A0002540D9 /* Tik_Tok.xcdatamodel */ = {isa = PBXFileReference; lastKnownFileType = wrapper.xcdatamodel; path = Tik_Tok.xcdatamodel; sourceTree = "<group>"; };
		50C075F925DD83AB002540D9 /* Base */ = {isa = PBXFileReference; lastKnownFileType = file.storyboard; name = Base; path = Base.lproj/LaunchScreen.storyboard; sourceTree = "<group>"; };
		50C075FB25DD83AB002540D9 /* Info.plist */ = {isa = PBXFileReference; lastKnownFileType = text.plist.xml; path = Info.plist; sourceTree = "<group>"; };
		50C0760025DD83AB002540D9 /* Tik TokTests.xctest */ = {isa = PBXFileReference; explicitFileType = wrapper.cfbundle; includeInIndex = 0; path = "Tik TokTests.xctest"; sourceTree = BUILT_PRODUCTS_DIR; };
		50C0760425DD83AB002540D9 /* Tik_TokTests.swift */ = {isa = PBXFileReference; lastKnownFileType = sourcecode.swift; path = Tik_TokTests.swift; sourceTree = "<group>"; };
		50C0760625DD83AB002540D9 /* Info.plist */ = {isa = PBXFileReference; lastKnownFileType = text.plist.xml; path = Info.plist; sourceTree = "<group>"; };
		50C0760B25DD83AC002540D9 /* Tik TokUITests.xctest */ = {isa = PBXFileReference; explicitFileType = wrapper.cfbundle; includeInIndex = 0; path = "Tik TokUITests.xctest"; sourceTree = BUILT_PRODUCTS_DIR; };
		50C0760F25DD83AC002540D9 /* Tik_TokUITests.swift */ = {isa = PBXFileReference; lastKnownFileType = sourcecode.swift; path = Tik_TokUITests.swift; sourceTree = "<group>"; };
		50C0761125DD83AC002540D9 /* Info.plist */ = {isa = PBXFileReference; lastKnownFileType = text.plist.xml; path = Info.plist; sourceTree = "<group>"; };
		50C0761F25DD87C6002540D9 /* CustomTabBarViewController.swift */ = {isa = PBXFileReference; lastKnownFileType = sourcecode.swift; path = CustomTabBarViewController.swift; sourceTree = "<group>"; };
		50C0762325DDDDE6002540D9 /* File.swift */ = {isa = PBXFileReference; lastKnownFileType = sourcecode.swift; path = File.swift; sourceTree = "<group>"; };
		50C0762525DE439F002540D9 /* TikTabBarControllerViewController.swift */ = {isa = PBXFileReference; lastKnownFileType = sourcecode.swift; path = TikTabBarControllerViewController.swift; sourceTree = "<group>"; };
		50C0762725DE4674002540D9 /* HomeViewViewController.swift */ = {isa = PBXFileReference; lastKnownFileType = sourcecode.swift; path = HomeViewViewController.swift; sourceTree = "<group>"; };
		50C0762925DE4DE3002540D9 /* PostCollectionViewCell.swift */ = {isa = PBXFileReference; lastKnownFileType = sourcecode.swift; path = PostCollectionViewCell.swift; sourceTree = "<group>"; };
		E50D282726091C8600A10F14 /* Assets.xcassets */ = {isa = PBXFileReference; lastKnownFileType = folder.assetcatalog; path = Assets.xcassets; sourceTree = "<group>"; };
		E51797C725FE340800AE4C90 /* ASVideoPlayerController.swift */ = {isa = PBXFileReference; lastKnownFileType = sourcecode.swift; path = ASVideoPlayerController.swift; sourceTree = "<group>"; };
		E51D3C7C2603FCD400910EED /* Assets.xcassets */ = {isa = PBXFileReference; lastKnownFileType = folder.assetcatalog; name = Assets.xcassets; path = ../../../../.Trash/Assets.xcassets; sourceTree = "<group>"; };
		E52668A225FFF26900D59324 /* ImageView extension.swift */ = {isa = PBXFileReference; lastKnownFileType = sourcecode.swift; path = "ImageView extension.swift"; sourceTree = "<group>"; };
		E526FDA825FCD9DE0081BFE6 /* Toks.json */ = {isa = PBXFileReference; lastKnownFileType = text.json; path = Toks.json; sourceTree = "<group>"; };
		E526FDAA25FCDD340081BFE6 /* LocalFilesViewModel.swift */ = {isa = PBXFileReference; lastKnownFileType = sourcecode.swift; path = LocalFilesViewModel.swift; sourceTree = "<group>"; };
		E526FDAC25FCDDDA0081BFE6 /* Toks.swift */ = {isa = PBXFileReference; lastKnownFileType = sourcecode.swift; path = Toks.swift; sourceTree = "<group>"; };
		E526FDAE25FD0A550081BFE6 /* Tik Tok.entitlements */ = {isa = PBXFileReference; lastKnownFileType = text.plist.entitlements; path = "Tik Tok.entitlements"; sourceTree = "<group>"; };
		E598157E25F7F348003959C0 /* TabClient.swift */ = {isa = PBXFileReference; lastKnownFileType = sourcecode.swift; path = TabClient.swift; sourceTree = "<group>"; };
		E5B9D7782606456300559948 /* ASVideoLayerObject.swift */ = {isa = PBXFileReference; lastKnownFileType = sourcecode.swift; path = ASVideoLayerObject.swift; sourceTree = "<group>"; };
		E5B9D77A260645CA00559948 /* ASVideoContainer.swift */ = {isa = PBXFileReference; lastKnownFileType = sourcecode.swift; path = ASVideoContainer.swift; sourceTree = "<group>"; };
/* End PBXFileReference section */

/* Begin PBXFrameworksBuildPhase section */
		50C075E425DD83A0002540D9 /* Frameworks */ = {
			isa = PBXFrameworksBuildPhase;
			buildActionMask = 2147483647;
			files = (
			);
			runOnlyForDeploymentPostprocessing = 0;
		};
		50C075FD25DD83AB002540D9 /* Frameworks */ = {
			isa = PBXFrameworksBuildPhase;
			buildActionMask = 2147483647;
			files = (
			);
			runOnlyForDeploymentPostprocessing = 0;
		};
		50C0760825DD83AC002540D9 /* Frameworks */ = {
			isa = PBXFrameworksBuildPhase;
			buildActionMask = 2147483647;
			files = (
			);
			runOnlyForDeploymentPostprocessing = 0;
		};
/* End PBXFrameworksBuildPhase section */

/* Begin PBXGroup section */
		50C075DE25DD83A0002540D9 = {
			isa = PBXGroup;
			children = (
				50C075E925DD83A0002540D9 /* Tik Tok */,
				50C0760325DD83AB002540D9 /* Tik TokTests */,
				50C0760E25DD83AC002540D9 /* Tik TokUITests */,
				50C075E825DD83A0002540D9 /* Products */,
			);
			sourceTree = "<group>";
		};
		50C075E825DD83A0002540D9 /* Products */ = {
			isa = PBXGroup;
			children = (
				50C075E725DD83A0002540D9 /* Tik Tok.app */,
				50C0760025DD83AB002540D9 /* Tik TokTests.xctest */,
				50C0760B25DD83AC002540D9 /* Tik TokUITests.xctest */,
			);
			name = Products;
			sourceTree = "<group>";
		};
		50C075E925DD83A0002540D9 /* Tik Tok */ = {
			isa = PBXGroup;
			children = (
				E51D3C7C2603FCD400910EED /* Assets.xcassets */,
				E50D282726091C8600A10F14 /* Assets.xcassets */,
				E5313BE12602EE5600F3EF21 /* Controllers */,
				E52668A125FFF23F00D59324 /* Utils */,
				E51797C625FE33BD00AE4C90 /* VideoPlayLibrary */,
				E526FDAE25FD0A550081BFE6 /* Tik Tok.entitlements */,
				E526FDA825FCD9DE0081BFE6 /* Toks.json */,
				50C075EA25DD83A0002540D9 /* AppDelegate.swift */,
				50C075EC25DD83A0002540D9 /* SceneDelegate.swift */,
				50C075EE25DD83A0002540D9 /* ViewController.swift */,
				50C075F025DD83A0002540D9 /* Main.storyboard */,
				50C075F825DD83AB002540D9 /* LaunchScreen.storyboard */,
				50C075FB25DD83AB002540D9 /* Info.plist */,
				50C075F325DD83A0002540D9 /* Tik_Tok.xcdatamodeld */,
				50C0761F25DD87C6002540D9 /* CustomTabBarViewController.swift */,
				50C0762325DDDDE6002540D9 /* File.swift */,
				50C0762525DE439F002540D9 /* TikTabBarControllerViewController.swift */,
				50C0762725DE4674002540D9 /* HomeViewViewController.swift */,
				50C0762925DE4DE3002540D9 /* PostCollectionViewCell.swift */,
				E598157E25F7F348003959C0 /* TabClient.swift */,
				E526FDAA25FCDD340081BFE6 /* LocalFilesViewModel.swift */,
				E526FDAC25FCDDDA0081BFE6 /* Toks.swift */,
			);
			path = "Tik Tok";
			sourceTree = "<group>";
		};
		50C0760325DD83AB002540D9 /* Tik TokTests */ = {
			isa = PBXGroup;
			children = (
				50C0760425DD83AB002540D9 /* Tik_TokTests.swift */,
				50C0760625DD83AB002540D9 /* Info.plist */,
			);
			path = "Tik TokTests";
			sourceTree = "<group>";
		};
		50C0760E25DD83AC002540D9 /* Tik TokUITests */ = {
			isa = PBXGroup;
			children = (
				50C0760F25DD83AC002540D9 /* Tik_TokUITests.swift */,
				50C0761125DD83AC002540D9 /* Info.plist */,
			);
			path = "Tik TokUITests";
			sourceTree = "<group>";
		};
		E51797C625FE33BD00AE4C90 /* VideoPlayLibrary */ = {
			isa = PBXGroup;
			children = (
				E51797C725FE340800AE4C90 /* ASVideoPlayerController.swift */,
				E5B9D7782606456300559948 /* ASVideoLayerObject.swift */,
				E5B9D77A260645CA00559948 /* ASVideoContainer.swift */,
			);
			path = VideoPlayLibrary;
			sourceTree = "<group>";
		};
		E52668A125FFF23F00D59324 /* Utils */ = {
			isa = PBXGroup;
			children = (
				E52668A225FFF26900D59324 /* ImageView extension.swift */,
			);
			path = Utils;
			sourceTree = "<group>";
		};
		E5313BE12602EE5600F3EF21 /* Controllers */ = {
			isa = PBXGroup;
			children = (
				E5313BE22602EE6600F3EF21 /* Navigation */,
			);
			path = Controllers;
			sourceTree = "<group>";
		};
		E5313BE22602EE6600F3EF21 /* Navigation */ = {
			isa = PBXGroup;
			children = (
			);
			path = Navigation;
			sourceTree = "<group>";
		};
/* End PBXGroup section */

/* Begin PBXNativeTarget section */
		50C075E625DD83A0002540D9 /* Tik Tok */ = {
			isa = PBXNativeTarget;
			buildConfigurationList = 50C0761425DD83AC002540D9 /* Build configuration list for PBXNativeTarget "Tik Tok" */;
			buildPhases = (
				50C075E325DD83A0002540D9 /* Sources */,
				50C075E425DD83A0002540D9 /* Frameworks */,
				50C075E525DD83A0002540D9 /* Resources */,
			);
			buildRules = (
			);
			dependencies = (
			);
			name = "Tik Tok";
			productName = "Tik Tok";
			productReference = 50C075E725DD83A0002540D9 /* Tik Tok.app */;
			productType = "com.apple.product-type.application";
		};
		50C075FF25DD83AB002540D9 /* Tik TokTests */ = {
			isa = PBXNativeTarget;
			buildConfigurationList = 50C0761725DD83AC002540D9 /* Build configuration list for PBXNativeTarget "Tik TokTests" */;
			buildPhases = (
				50C075FC25DD83AB002540D9 /* Sources */,
				50C075FD25DD83AB002540D9 /* Frameworks */,
				50C075FE25DD83AB002540D9 /* Resources */,
			);
			buildRules = (
			);
			dependencies = (
				50C0760225DD83AB002540D9 /* PBXTargetDependency */,
			);
			name = "Tik TokTests";
			productName = "Tik TokTests";
			productReference = 50C0760025DD83AB002540D9 /* Tik TokTests.xctest */;
			productType = "com.apple.product-type.bundle.unit-test";
		};
		50C0760A25DD83AC002540D9 /* Tik TokUITests */ = {
			isa = PBXNativeTarget;
			buildConfigurationList = 50C0761A25DD83AC002540D9 /* Build configuration list for PBXNativeTarget "Tik TokUITests" */;
			buildPhases = (
				50C0760725DD83AC002540D9 /* Sources */,
				50C0760825DD83AC002540D9 /* Frameworks */,
				50C0760925DD83AC002540D9 /* Resources */,
			);
			buildRules = (
			);
			dependencies = (
				50C0760D25DD83AC002540D9 /* PBXTargetDependency */,
			);
			name = "Tik TokUITests";
			productName = "Tik TokUITests";
			productReference = 50C0760B25DD83AC002540D9 /* Tik TokUITests.xctest */;
			productType = "com.apple.product-type.bundle.ui-testing";
		};
/* End PBXNativeTarget section */

/* Begin PBXProject section */
		50C075DF25DD83A0002540D9 /* Project object */ = {
			isa = PBXProject;
			attributes = {
				LastSwiftUpdateCheck = 1130;
				LastUpgradeCheck = 1130;
				ORGANIZATIONNAME = Codenamerhu;
				TargetAttributes = {
					50C075E625DD83A0002540D9 = {
						CreatedOnToolsVersion = 11.3.1;
					};
					50C075FF25DD83AB002540D9 = {
						CreatedOnToolsVersion = 11.3.1;
						TestTargetID = 50C075E625DD83A0002540D9;
					};
					50C0760A25DD83AC002540D9 = {
						CreatedOnToolsVersion = 11.3.1;
						TestTargetID = 50C075E625DD83A0002540D9;
					};
				};
			};
			buildConfigurationList = 50C075E225DD83A0002540D9 /* Build configuration list for PBXProject "Tik Tok" */;
			compatibilityVersion = "Xcode 9.3";
			developmentRegion = en;
			hasScannedForEncodings = 0;
			knownRegions = (
				en,
				Base,
			);
			mainGroup = 50C075DE25DD83A0002540D9;
			productRefGroup = 50C075E825DD83A0002540D9 /* Products */;
			projectDirPath = "";
			projectRoot = "";
			targets = (
				50C075E625DD83A0002540D9 /* Tik Tok */,
				50C075FF25DD83AB002540D9 /* Tik TokTests */,
				50C0760A25DD83AC002540D9 /* Tik TokUITests */,
			);
		};
/* End PBXProject section */

/* Begin PBXResourcesBuildPhase section */
		50C075E525DD83A0002540D9 /* Resources */ = {
			isa = PBXResourcesBuildPhase;
			buildActionMask = 2147483647;
			files = (
				50C075FA25DD83AB002540D9 /* LaunchScreen.storyboard in Resources */,
				E526FDA925FCD9DE0081BFE6 /* Toks.json in Resources */,
				E51D3C7D2603FCD500910EED /* Assets.xcassets in Resources */,
				50C075F225DD83A0002540D9 /* Main.storyboard in Resources */,
				E50D282826091C8600A10F14 /* Assets.xcassets in Resources */,
			);
			runOnlyForDeploymentPostprocessing = 0;
		};
		50C075FE25DD83AB002540D9 /* Resources */ = {
			isa = PBXResourcesBuildPhase;
			buildActionMask = 2147483647;
			files = (
			);
			runOnlyForDeploymentPostprocessing = 0;
		};
		50C0760925DD83AC002540D9 /* Resources */ = {
			isa = PBXResourcesBuildPhase;
			buildActionMask = 2147483647;
			files = (
			);
			runOnlyForDeploymentPostprocessing = 0;
		};
/* End PBXResourcesBuildPhase section */

/* Begin PBXSourcesBuildPhase section */
		50C075E325DD83A0002540D9 /* Sources */ = {
			isa = PBXSourcesBuildPhase;
			buildActionMask = 2147483647;
			files = (
				50C075EF25DD83A0002540D9 /* ViewController.swift in Sources */,
				E5B9D7792606456300559948 /* ASVideoLayerObject.swift in Sources */,
				E52668A325FFF26900D59324 /* ImageView extension.swift in Sources */,
				50C0762425DDDDE6002540D9 /* File.swift in Sources */,
				50C0762825DE4674002540D9 /* HomeViewViewController.swift in Sources */,
				E526FDAB25FCDD340081BFE6 /* LocalFilesViewModel.swift in Sources */,
				50C0762025DD87C6002540D9 /* CustomTabBarViewController.swift in Sources */,
				E598157F25F7F348003959C0 /* TabClient.swift in Sources */,
				50C075F525DD83A0002540D9 /* Tik_Tok.xcdatamodeld in Sources */,
				50C075EB25DD83A0002540D9 /* AppDelegate.swift in Sources */,
				E51797C825FE340800AE4C90 /* ASVideoPlayerController.swift in Sources */,
				50C0762625DE439F002540D9 /* TikTabBarControllerViewController.swift in Sources */,
				50C075ED25DD83A0002540D9 /* SceneDelegate.swift in Sources */,
				E526FDAD25FCDDDA0081BFE6 /* Toks.swift in Sources */,
				50C0762A25DE4DE3002540D9 /* PostCollectionViewCell.swift in Sources */,
				E5B9D77B260645CA00559948 /* ASVideoContainer.swift in Sources */,
			);
			runOnlyForDeploymentPostprocessing = 0;
		};
		50C075FC25DD83AB002540D9 /* Sources */ = {
			isa = PBXSourcesBuildPhase;
			buildActionMask = 2147483647;
			files = (
				50C0760525DD83AB002540D9 /* Tik_TokTests.swift in Sources */,
			);
			runOnlyForDeploymentPostprocessing = 0;
		};
		50C0760725DD83AC002540D9 /* Sources */ = {
			isa = PBXSourcesBuildPhase;
			buildActionMask = 2147483647;
			files = (
				50C0761025DD83AC002540D9 /* Tik_TokUITests.swift in Sources */,
			);
			runOnlyForDeploymentPostprocessing = 0;
		};
/* End PBXSourcesBuildPhase section */

/* Begin PBXTargetDependency section */
		50C0760225DD83AB002540D9 /* PBXTargetDependency */ = {
			isa = PBXTargetDependency;
			target = 50C075E625DD83A0002540D9 /* Tik Tok */;
			targetProxy = 50C0760125DD83AB002540D9 /* PBXContainerItemProxy */;
		};
		50C0760D25DD83AC002540D9 /* PBXTargetDependency */ = {
			isa = PBXTargetDependency;
			target = 50C075E625DD83A0002540D9 /* Tik Tok */;
			targetProxy = 50C0760C25DD83AC002540D9 /* PBXContainerItemProxy */;
		};
/* End PBXTargetDependency section */

/* Begin PBXVariantGroup section */
		50C075F025DD83A0002540D9 /* Main.storyboard */ = {
			isa = PBXVariantGroup;
			children = (
				50C075F125DD83A0002540D9 /* Base */,
			);
			name = Main.storyboard;
			sourceTree = "<group>";
		};
		50C075F825DD83AB002540D9 /* LaunchScreen.storyboard */ = {
			isa = PBXVariantGroup;
			children = (
				50C075F925DD83AB002540D9 /* Base */,
			);
			name = LaunchScreen.storyboard;
			sourceTree = "<group>";
		};
/* End PBXVariantGroup section */

/* Begin XCBuildConfiguration section */
		50C0761225DD83AC002540D9 /* Debug */ = {
			isa = XCBuildConfiguration;
			buildSettings = {
				ALWAYS_SEARCH_USER_PATHS = NO;
				CLANG_ANALYZER_NONNULL = YES;
				CLANG_ANALYZER_NUMBER_OBJECT_CONVERSION = YES_AGGRESSIVE;
				CLANG_CXX_LANGUAGE_STANDARD = "gnu++14";
				CLANG_CXX_LIBRARY = "libc++";
				CLANG_ENABLE_MODULES = YES;
				CLANG_ENABLE_OBJC_ARC = YES;
				CLANG_ENABLE_OBJC_WEAK = YES;
				CLANG_WARN_BLOCK_CAPTURE_AUTORELEASING = YES;
				CLANG_WARN_BOOL_CONVERSION = YES;
				CLANG_WARN_COMMA = YES;
				CLANG_WARN_CONSTANT_CONVERSION = YES;
				CLANG_WARN_DEPRECATED_OBJC_IMPLEMENTATIONS = YES;
				CLANG_WARN_DIRECT_OBJC_ISA_USAGE = YES_ERROR;
				CLANG_WARN_DOCUMENTATION_COMMENTS = YES;
				CLANG_WARN_EMPTY_BODY = YES;
				CLANG_WARN_ENUM_CONVERSION = YES;
				CLANG_WARN_INFINITE_RECURSION = YES;
				CLANG_WARN_INT_CONVERSION = YES;
				CLANG_WARN_NON_LITERAL_NULL_CONVERSION = YES;
				CLANG_WARN_OBJC_IMPLICIT_RETAIN_SELF = YES;
				CLANG_WARN_OBJC_LITERAL_CONVERSION = YES;
				CLANG_WARN_OBJC_ROOT_CLASS = YES_ERROR;
				CLANG_WARN_RANGE_LOOP_ANALYSIS = YES;
				CLANG_WARN_STRICT_PROTOTYPES = YES;
				CLANG_WARN_SUSPICIOUS_MOVE = YES;
				CLANG_WARN_UNGUARDED_AVAILABILITY = YES_AGGRESSIVE;
				CLANG_WARN_UNREACHABLE_CODE = YES;
				CLANG_WARN__DUPLICATE_METHOD_MATCH = YES;
				COPY_PHASE_STRIP = NO;
				DEBUG_INFORMATION_FORMAT = dwarf;
				ENABLE_STRICT_OBJC_MSGSEND = YES;
				ENABLE_TESTABILITY = YES;
				GCC_C_LANGUAGE_STANDARD = gnu11;
				GCC_DYNAMIC_NO_PIC = NO;
				GCC_NO_COMMON_BLOCKS = YES;
				GCC_OPTIMIZATION_LEVEL = 0;
				GCC_PREPROCESSOR_DEFINITIONS = (
					"DEBUG=1",
					"$(inherited)",
				);
				GCC_WARN_64_TO_32_BIT_CONVERSION = YES;
				GCC_WARN_ABOUT_RETURN_TYPE = YES_ERROR;
				GCC_WARN_UNDECLARED_SELECTOR = YES;
				GCC_WARN_UNINITIALIZED_AUTOS = YES_AGGRESSIVE;
				GCC_WARN_UNUSED_FUNCTION = YES;
				GCC_WARN_UNUSED_VARIABLE = YES;
				IPHONEOS_DEPLOYMENT_TARGET = 13.2;
				MTL_ENABLE_DEBUG_INFO = INCLUDE_SOURCE;
				MTL_FAST_MATH = YES;
				ONLY_ACTIVE_ARCH = YES;
				SDKROOT = iphoneos;
				SWIFT_ACTIVE_COMPILATION_CONDITIONS = DEBUG;
				SWIFT_OPTIMIZATION_LEVEL = "-Onone";
			};
			name = Debug;
		};
		50C0761325DD83AC002540D9 /* Release */ = {
			isa = XCBuildConfiguration;
			buildSettings = {
				ALWAYS_SEARCH_USER_PATHS = NO;
				CLANG_ANALYZER_NONNULL = YES;
				CLANG_ANALYZER_NUMBER_OBJECT_CONVERSION = YES_AGGRESSIVE;
				CLANG_CXX_LANGUAGE_STANDARD = "gnu++14";
				CLANG_CXX_LIBRARY = "libc++";
				CLANG_ENABLE_MODULES = YES;
				CLANG_ENABLE_OBJC_ARC = YES;
				CLANG_ENABLE_OBJC_WEAK = YES;
				CLANG_WARN_BLOCK_CAPTURE_AUTORELEASING = YES;
				CLANG_WARN_BOOL_CONVERSION = YES;
				CLANG_WARN_COMMA = YES;
				CLANG_WARN_CONSTANT_CONVERSION = YES;
				CLANG_WARN_DEPRECATED_OBJC_IMPLEMENTATIONS = YES;
				CLANG_WARN_DIRECT_OBJC_ISA_USAGE = YES_ERROR;
				CLANG_WARN_DOCUMENTATION_COMMENTS = YES;
				CLANG_WARN_EMPTY_BODY = YES;
				CLANG_WARN_ENUM_CONVERSION = YES;
				CLANG_WARN_INFINITE_RECURSION = YES;
				CLANG_WARN_INT_CONVERSION = YES;
				CLANG_WARN_NON_LITERAL_NULL_CONVERSION = YES;
				CLANG_WARN_OBJC_IMPLICIT_RETAIN_SELF = YES;
				CLANG_WARN_OBJC_LITERAL_CONVERSION = YES;
				CLANG_WARN_OBJC_ROOT_CLASS = YES_ERROR;
				CLANG_WARN_RANGE_LOOP_ANALYSIS = YES;
				CLANG_WARN_STRICT_PROTOTYPES = YES;
				CLANG_WARN_SUSPICIOUS_MOVE = YES;
				CLANG_WARN_UNGUARDED_AVAILABILITY = YES_AGGRESSIVE;
				CLANG_WARN_UNREACHABLE_CODE = YES;
				CLANG_WARN__DUPLICATE_METHOD_MATCH = YES;
				COPY_PHASE_STRIP = NO;
				DEBUG_INFORMATION_FORMAT = "dwarf-with-dsym";
				ENABLE_NS_ASSERTIONS = NO;
				ENABLE_STRICT_OBJC_MSGSEND = YES;
				GCC_C_LANGUAGE_STANDARD = gnu11;
				GCC_NO_COMMON_BLOCKS = YES;
				GCC_WARN_64_TO_32_BIT_CONVERSION = YES;
				GCC_WARN_ABOUT_RETURN_TYPE = YES_ERROR;
				GCC_WARN_UNDECLARED_SELECTOR = YES;
				GCC_WARN_UNINITIALIZED_AUTOS = YES_AGGRESSIVE;
				GCC_WARN_UNUSED_FUNCTION = YES;
				GCC_WARN_UNUSED_VARIABLE = YES;
				IPHONEOS_DEPLOYMENT_TARGET = 13.2;
				MTL_ENABLE_DEBUG_INFO = NO;
				MTL_FAST_MATH = YES;
				SDKROOT = iphoneos;
				SWIFT_COMPILATION_MODE = wholemodule;
				SWIFT_OPTIMIZATION_LEVEL = "-O";
				VALIDATE_PRODUCT = YES;
			};
			name = Release;
		};
		50C0761525DD83AC002540D9 /* Debug */ = {
			isa = XCBuildConfiguration;
			buildSettings = {
				ASSETCATALOG_COMPILER_APPICON_NAME = AppIcon;
				CODE_SIGN_ENTITLEMENTS = "Tik Tok/Tik Tok.entitlements";
				CODE_SIGN_STYLE = Automatic;
				DEVELOPMENT_TEAM = SBN2Z2C2GH;
				INFOPLIST_FILE = "Tik Tok/Info.plist";
				LD_RUNPATH_SEARCH_PATHS = (
					"$(inherited)",
					"@executable_path/Frameworks",
				);
				PRODUCT_BUNDLE_IDENTIFIER = "codenamerhu.Tik-Tok";
				PRODUCT_NAME = "$(TARGET_NAME)";
				SWIFT_VERSION = 5.0;
				TARGETED_DEVICE_FAMILY = "1,2";
			};
			name = Debug;
		};
		50C0761625DD83AC002540D9 /* Release */ = {
			isa = XCBuildConfiguration;
			buildSettings = {
				ASSETCATALOG_COMPILER_APPICON_NAME = AppIcon;
				CODE_SIGN_ENTITLEMENTS = "Tik Tok/Tik Tok.entitlements";
				CODE_SIGN_STYLE = Automatic;
				DEVELOPMENT_TEAM = SBN2Z2C2GH;
				INFOPLIST_FILE = "Tik Tok/Info.plist";
				LD_RUNPATH_SEARCH_PATHS = (
					"$(inherited)",
					"@executable_path/Frameworks",
				);
				PRODUCT_BUNDLE_IDENTIFIER = "codenamerhu.Tik-Tok";
				PRODUCT_NAME = "$(TARGET_NAME)";
				SWIFT_VERSION = 5.0;
				TARGETED_DEVICE_FAMILY = "1,2";
			};
			name = Release;
		};
		50C0761825DD83AC002540D9 /* Debug */ = {
			isa = XCBuildConfiguration;
			buildSettings = {
				ALWAYS_EMBED_SWIFT_STANDARD_LIBRARIES = YES;
				BUNDLE_LOADER = "$(TEST_HOST)";
				CODE_SIGN_STYLE = Automatic;
				DEVELOPMENT_TEAM = W5XNMDMSNN;
				INFOPLIST_FILE = "Tik TokTests/Info.plist";
				IPHONEOS_DEPLOYMENT_TARGET = 13.2;
				LD_RUNPATH_SEARCH_PATHS = (
					"$(inherited)",
					"@executable_path/Frameworks",
					"@loader_path/Frameworks",
				);
				PRODUCT_BUNDLE_IDENTIFIER = "codenamerhu.Tik-TokTests";
				PRODUCT_NAME = "$(TARGET_NAME)";
				SWIFT_VERSION = 5.0;
				TARGETED_DEVICE_FAMILY = "1,2";
				TEST_HOST = "$(BUILT_PRODUCTS_DIR)/Tik Tok.app/Tik Tok";
			};
			name = Debug;
		};
		50C0761925DD83AC002540D9 /* Release */ = {
			isa = XCBuildConfiguration;
			buildSettings = {
				ALWAYS_EMBED_SWIFT_STANDARD_LIBRARIES = YES;
				BUNDLE_LOADER = "$(TEST_HOST)";
				CODE_SIGN_STYLE = Automatic;
				DEVELOPMENT_TEAM = W5XNMDMSNN;
				INFOPLIST_FILE = "Tik TokTests/Info.plist";
				IPHONEOS_DEPLOYMENT_TARGET = 13.2;
				LD_RUNPATH_SEARCH_PATHS = (
					"$(inherited)",
					"@executable_path/Frameworks",
					"@loader_path/Frameworks",
				);
				PRODUCT_BUNDLE_IDENTIFIER = "codenamerhu.Tik-TokTests";
				PRODUCT_NAME = "$(TARGET_NAME)";
				SWIFT_VERSION = 5.0;
				TARGETED_DEVICE_FAMILY = "1,2";
				TEST_HOST = "$(BUILT_PRODUCTS_DIR)/Tik Tok.app/Tik Tok";
			};
			name = Release;
		};
		50C0761B25DD83AC002540D9 /* Debug */ = {
			isa = XCBuildConfiguration;
			buildSettings = {
				ALWAYS_EMBED_SWIFT_STANDARD_LIBRARIES = YES;
				CODE_SIGN_STYLE = Automatic;
				DEVELOPMENT_TEAM = W5XNMDMSNN;
				INFOPLIST_FILE = "Tik TokUITests/Info.plist";
				LD_RUNPATH_SEARCH_PATHS = (
					"$(inherited)",
					"@executable_path/Frameworks",
					"@loader_path/Frameworks",
				);
				PRODUCT_BUNDLE_IDENTIFIER = "codenamerhu.Tik-TokUITests";
				PRODUCT_NAME = "$(TARGET_NAME)";
				SWIFT_VERSION = 5.0;
				TARGETED_DEVICE_FAMILY = "1,2";
				TEST_TARGET_NAME = "Tik Tok";
			};
			name = Debug;
		};
		50C0761C25DD83AC002540D9 /* Release */ = {
			isa = XCBuildConfiguration;
			buildSettings = {
				ALWAYS_EMBED_SWIFT_STANDARD_LIBRARIES = YES;
				CODE_SIGN_STYLE = Automatic;
				DEVELOPMENT_TEAM = W5XNMDMSNN;
				INFOPLIST_FILE = "Tik TokUITests/Info.plist";
				LD_RUNPATH_SEARCH_PATHS = (
					"$(inherited)",
					"@executable_path/Frameworks",
					"@loader_path/Frameworks",
				);
				PRODUCT_BUNDLE_IDENTIFIER = "codenamerhu.Tik-TokUITests";
				PRODUCT_NAME = "$(TARGET_NAME)";
				SWIFT_VERSION = 5.0;
				TARGETED_DEVICE_FAMILY = "1,2";
				TEST_TARGET_NAME = "Tik Tok";
			};
			name = Release;
		};
/* End XCBuildConfiguration section */

/* Begin XCConfigurationList section */
		50C075E225DD83A0002540D9 /* Build configuration list for PBXProject "Tik Tok" */ = {
			isa = XCConfigurationList;
			buildConfigurations = (
				50C0761225DD83AC002540D9 /* Debug */,
				50C0761325DD83AC002540D9 /* Release */,
			);
			defaultConfigurationIsVisible = 0;
			defaultConfigurationName = Release;
		};
		50C0761425DD83AC002540D9 /* Build configuration list for PBXNativeTarget "Tik Tok" */ = {
			isa = XCConfigurationList;
			buildConfigurations = (
				50C0761525DD83AC002540D9 /* Debug */,
				50C0761625DD83AC002540D9 /* Release */,
			);
			defaultConfigurationIsVisible = 0;
			defaultConfigurationName = Release;
		};
		50C0761725DD83AC002540D9 /* Build configuration list for PBXNativeTarget "Tik TokTests" */ = {
			isa = XCConfigurationList;
			buildConfigurations = (
				50C0761825DD83AC002540D9 /* Debug */,
				50C0761925DD83AC002540D9 /* Release */,
			);
			defaultConfigurationIsVisible = 0;
			defaultConfigurationName = Release;
		};
		50C0761A25DD83AC002540D9 /* Build configuration list for PBXNativeTarget "Tik TokUITests" */ = {
			isa = XCConfigurationList;
			buildConfigurations = (
				50C0761B25DD83AC002540D9 /* Debug */,
				50C0761C25DD83AC002540D9 /* Release */,
			);
			defaultConfigurationIsVisible = 0;
			defaultConfigurationName = Release;
		};
/* End XCConfigurationList section */

/* Begin XCVersionGroup section */
		50C075F325DD83A0002540D9 /* Tik_Tok.xcdatamodeld */ = {
			isa = XCVersionGroup;
			children = (
				50C075F425DD83A0002540D9 /* Tik_Tok.xcdatamodel */,
			);
			currentVersion = 50C075F425DD83A0002540D9 /* Tik_Tok.xcdatamodel */;
			path = Tik_Tok.xcdatamodeld;
			sourceTree = "<group>";
			versionGroupType = wrapper.xcdatamodel;
		};
/* End XCVersionGroup section */
	};
	rootObject = 50C075DF25DD83A0002540D9 /* Project object */;
}
